{
  "name": "format-code",
  "version": "0.0.1",
  "lockfileVersion": 1,
  "requires": true,
  "dependencies": {
    "@angular/cdk": {
      "version": "6.4.7",
      "resolved": "https://registry.npmjs.org/@angular/cdk/-/cdk-6.4.7.tgz",
      "integrity": "sha512-18x0U66fLD5kGQWZ9n3nb75xQouXlWs7kUDaTd8HTrHpT1s2QIAqlLd1KxfrYiVhsEC2jPQaoiae7VnBlcvkBg==",
      "requires": {
        "tslib": "1.9.3"
      }
    },
    "@ant-design/icons-angular": {
      "version": "1.0.1",
      "resolved": "https://registry.npmjs.org/@ant-design/icons-angular/-/icons-angular-1.0.1.tgz",
      "integrity": "sha512-BSF1mNejVzbQbQTTkHILNmx+F9/YLO4UAechEBnMV3f7nl2EopAtqRsGfAH+AuDwYCEXqYtPdTYXnYpYSDdNbw==",
      "requires": {
        "ant-design-palettes": "1.1.3",
        "tslib": "1.9.3"
      }
    },
    "ant-design-palettes": {
      "version": "1.1.3",
      "resolved": "https://registry.npmjs.org/ant-design-palettes/-/ant-design-palettes-1.1.3.tgz",
      "integrity": "sha512-UpkkTp8egEN21KZNvY7sTcabLlkHvLvS71EVPk4CYi77Z9AaGGCaVn7i72tbOgWDrQp2wjIg8WgMbKBdK7GtWA==",
      "requires": {
        "tinycolor2": "1.4.1"
      }
    },
    "date-fns": {
      "version": "1.30.1",
      "resolved": "https://registry.npmjs.org/date-fns/-/date-fns-1.30.1.tgz",
      "integrity": "sha512-hBSVCvSmWC+QypYObzwGOd9wqdDpOt+0wl0KbU+R+uuZBS1jN8VsD1ss3irQDknRj5NvxiTF6oj/nDRnN/UQNw=="
    },
    "ng-zorro-antd": {
      "version": "1.8.1",
      "resolved": "https://registry.npmjs.org/ng-zorro-antd/-/ng-zorro-antd-1.8.1.tgz",
      "integrity": "sha512-XNEwzt535/rILb/tEEwYBd2Ex4B4BwH7dzlbJAcpZZnN2tbIJYGNUiwbHo/o6t41Fv0qAgF/zmIlI0wQH+U7yA==",
      "requires": {
        "@angular/cdk": "6.4.7",
        "@ant-design/icons-angular": "1.0.1",
        "date-fns": "1.30.1",
        "tslib": "1.9.3"
      }
    },
    "tinycolor2": {
      "version": "1.4.1",
      "resolved": "https://registry.npmjs.org/tinycolor2/-/tinycolor2-1.4.1.tgz",
      "integrity": "sha1-9PrTM0R7wLB9TcjpIJ2POaisd+g="
    },
    "tslib": {
      "version": "1.9.3",
      "resolved": "https://registry.npmjs.org/tslib/-/tslib-1.9.3.tgz",
      "integrity": "sha512-4krF8scpejhaOgqzBEcGM7yDIEfi0/8+8zDRZhNZZ2kjmHJ4hv3zCbQWxoJGz1iw5U0Jl0nma13xzHXcncMavQ=="
    }
  }
}
